
Microsoft Visual Studio Solution File, Format Version 12.00
# Visual Studio Version 17
VisualStudioVersion = 17.14.36301.6 d17.14
MinimumVisualStudioVersion = 10.0.40219.1
Project("{FAE04EC0-301F-11D3-BF4B-00C04F79EFBC}") = "JwtAuthDemo.Api", "JwtAuthDemo.Api\JwtAuthDemo.Api.csproj", "{653CC182-9892-4F9B-807E-005E6210990F}"
EndProject
Global
	GlobalSection(SolutionConfigurationPlatforms) = preSolution
		Debug|Any CPU = Debug|Any CPU
		Release|Any CPU = Release|Any CPU
	EndGlobalSection
	GlobalSection(ProjectConfigurationPlatforms) = postSolution
		{653CC182-9892-4F9B-807E-005E6210990F}.Debug|Any CPU.ActiveCfg = Debug|Any CPU
		{653CC182-9892-4F9B-807E-005E6210990F}.Debug|Any CPU.Build.0 = Debug|Any CPU
		{653CC182-9892-4F9B-807E-005E6210990F}.Release|Any CPU.ActiveCfg = Release|Any CPU
		{653CC182-9892-4F9B-807E-005E6210990F}.Release|Any CPU.Build.0 = Release|Any CPU
	EndGlobalSection
	GlobalSection(SolutionProperties) = preSolution
		HideSolutionNode = FALSE
	EndGlobalSection
	GlobalSection(ExtensibilityGlobals) = postSolution
		SolutionGuid = {C2C70B8A-B9A5-49F1-BD4A-1CF02786C530}
	EndGlobalSection
EndGlobal
